
Microsoft Visual Studio Solution File, Format Version 12.00
# Visual Studio 15
VisualStudioVersion = 15.0.28010.2048
MinimumVisualStudioVersion = 10.0.40219.1
Project("{888888A0-9F3D-457C-B088-3A5042F75D52}") = "Project-S", "Project-S.pyproj", "{8770AA92-4341-4B2B-982C-C917FB7BEEF8}"
EndProject
Global
	GlobalSection(SolutionConfigurationPlatforms) = preSolution
		Debug|Any CPU = Debug|Any CPU
		Release|Any CPU = Release|Any CPU
	EndGlobalSection
	GlobalSection(ProjectConfigurationPlatforms) = postSolution
		{8770AA92-4341-4B2B-982C-C917FB7BEEF8}.Debug|Any CPU.ActiveCfg = Debug|Any CPU
		{8770AA92-4341-4B2B-982C-C917FB7BEEF8}.Release|Any CPU.ActiveCfg = Release|Any CPU
	EndGlobalSection
	GlobalSection(SolutionProperties) = preSolution
		HideSolutionNode = FALSE
	EndGlobalSection
	GlobalSection(ExtensibilityGlobals) = postSolution
		SolutionGuid = {662E1198-018A-4167-A60D-B2A0C922C8F1}
	EndGlobalSection
EndGlobal
